
Microsoft Visual Studio Solution File, Format Version 12.00
# Visual Studio 14
VisualStudioVersion = 14.0.23107.0
MinimumVisualStudioVersion = 10.0.40219.1
Project("{FAE04EC0-301F-11D3-BF4B-00C04F79EFBC}") = "HordeGame", "HordeGame.csproj", "{B6046971-02C0-41E2-AD4C-C8B6B59B874B}"
EndProject
Project("{FAE04EC0-301F-11D3-BF4B-00C04F79EFBC}") = "Zephyr", "Engine\Zephyr.csproj", "{A6D505A6-376E-4DEC-8F39-FDD3D7937143}"
EndProject
Global
	GlobalSection(SolutionConfigurationPlatforms) = preSolution
		Debug|Any CPU = Debug|Any CPU
		Debug|x86 = Debug|x86
		Release|Any CPU = Release|Any CPU
		Release|x86 = Release|x86
	EndGlobalSection
	GlobalSection(ProjectConfigurationPlatforms) = postSolution
		{B6046971-02C0-41E2-AD4C-C8B6B59B874B}.Debug|Any CPU.ActiveCfg = Debug|x86
		{B6046971-02C0-41E2-AD4C-C8B6B59B874B}.Debug|x86.ActiveCfg = Debug|x86
		{B6046971-02C0-41E2-AD4C-C8B6B59B874B}.Debug|x86.Build.0 = Debug|x86
		{B6046971-02C0-41E2-AD4C-C8B6B59B874B}.Release|Any CPU.ActiveCfg = Release|x86
		{B6046971-02C0-41E2-AD4C-C8B6B59B874B}.Release|x86.ActiveCfg = Release|x86
		{B6046971-02C0-41E2-AD4C-C8B6B59B874B}.Release|x86.Build.0 = Release|x86
		{A6D505A6-376E-4DEC-8F39-FDD3D7937143}.Debug|Any CPU.ActiveCfg = Debug|Any CPU
		{A6D505A6-376E-4DEC-8F39-FDD3D7937143}.Debug|Any CPU.Build.0 = Debug|Any CPU
		{A6D505A6-376E-4DEC-8F39-FDD3D7937143}.Debug|x86.ActiveCfg = Debug|Any CPU
		{A6D505A6-376E-4DEC-8F39-FDD3D7937143}.Debug|x86.Build.0 = Debug|Any CPU
		{A6D505A6-376E-4DEC-8F39-FDD3D7937143}.Release|Any CPU.ActiveCfg = Release|Any CPU
		{A6D505A6-376E-4DEC-8F39-FDD3D7937143}.Release|Any CPU.Build.0 = Release|Any CPU
		{A6D505A6-376E-4DEC-8F39-FDD3D7937143}.Release|x86.ActiveCfg = Release|Any CPU
		{A6D505A6-376E-4DEC-8F39-FDD3D7937143}.Release|x86.Build.0 = Release|Any CPU
	EndGlobalSection
	GlobalSection(SolutionProperties) = preSolution
		HideSolutionNode = FALSE
	EndGlobalSection
EndGlobal
